
Microsoft Visual Studio Solution File, Format Version 12.00
# Visual Studio Version 17
VisualStudioVersion = 17.2.32630.192
MinimumVisualStudioVersion = 10.0.40219.1
Project("{9A19103F-16F7-4668-BE54-9A1E7A4F7556}") = "SquareLib", "SquareLib\SquareLib.csproj", "{5C9D78B3-04E5-4D4F-8832-69901D1D9F9C}"
EndProject
Project("{9A19103F-16F7-4668-BE54-9A1E7A4F7556}") = "ProjectWithMyLib", "TestForMyLib\ProjectWithMyLib.csproj", "{B1363FCB-3983-45DE-BDA7-4E4D7CF03D9F}"
EndProject
Project("{FAE04EC0-301F-11D3-BF4B-00C04F79EFBC}") = "SquareLibUTests", "SquareLibUTests\SquareLibUTests.csproj", "{8055DC23-7F19-4E7A-81F9-925D54C5D39D}"
EndProject
Global
	GlobalSection(SolutionConfigurationPlatforms) = preSolution
		Debug|Any CPU = Debug|Any CPU
		Release|Any CPU = Release|Any CPU
	EndGlobalSection
	GlobalSection(ProjectConfigurationPlatforms) = postSolution
		{5C9D78B3-04E5-4D4F-8832-69901D1D9F9C}.Debug|Any CPU.ActiveCfg = Debug|Any CPU
		{5C9D78B3-04E5-4D4F-8832-69901D1D9F9C}.Debug|Any CPU.Build.0 = Debug|Any CPU
		{5C9D78B3-04E5-4D4F-8832-69901D1D9F9C}.Release|Any CPU.ActiveCfg = Release|Any CPU
		{5C9D78B3-04E5-4D4F-8832-69901D1D9F9C}.Release|Any CPU.Build.0 = Release|Any CPU
		{B1363FCB-3983-45DE-BDA7-4E4D7CF03D9F}.Debug|Any CPU.ActiveCfg = Debug|Any CPU
		{B1363FCB-3983-45DE-BDA7-4E4D7CF03D9F}.Debug|Any CPU.Build.0 = Debug|Any CPU
		{B1363FCB-3983-45DE-BDA7-4E4D7CF03D9F}.Release|Any CPU.ActiveCfg = Release|Any CPU
		{B1363FCB-3983-45DE-BDA7-4E4D7CF03D9F}.Release|Any CPU.Build.0 = Release|Any CPU
		{8055DC23-7F19-4E7A-81F9-925D54C5D39D}.Debug|Any CPU.ActiveCfg = Debug|Any CPU
		{8055DC23-7F19-4E7A-81F9-925D54C5D39D}.Debug|Any CPU.Build.0 = Debug|Any CPU
		{8055DC23-7F19-4E7A-81F9-925D54C5D39D}.Release|Any CPU.ActiveCfg = Release|Any CPU
		{8055DC23-7F19-4E7A-81F9-925D54C5D39D}.Release|Any CPU.Build.0 = Release|Any CPU
	EndGlobalSection
	GlobalSection(SolutionProperties) = preSolution
		HideSolutionNode = FALSE
	EndGlobalSection
	GlobalSection(ExtensibilityGlobals) = postSolution
		SolutionGuid = {9C5F0B84-08FC-4260-A9E4-0EF21C6BF2BF}
	EndGlobalSection
EndGlobal
